
Microsoft Visual Studio Solution File, Format Version 12.00
# Visual Studio Version 16
VisualStudioVersion = 16.0.29519.181
MinimumVisualStudioVersion = 10.0.40219.1
Project("{FAE04EC0-301F-11D3-BF4B-00C04F79EFBC}") = "StringSplit", "StringSplit\StringSplit.csproj", "{977D12A0-D0A7-4882-A544-1C21171F37CA}"
EndProject
Global
	GlobalSection(SolutionConfigurationPlatforms) = preSolution
		Debug|Any CPU = Debug|Any CPU
		Release|Any CPU = Release|Any CPU
	EndGlobalSection
	GlobalSection(ProjectConfigurationPlatforms) = postSolution
		{977D12A0-D0A7-4882-A544-1C21171F37CA}.Debug|Any CPU.ActiveCfg = Debug|Any CPU
		{977D12A0-D0A7-4882-A544-1C21171F37CA}.Debug|Any CPU.Build.0 = Debug|Any CPU
		{977D12A0-D0A7-4882-A544-1C21171F37CA}.Release|Any CPU.ActiveCfg = Release|Any CPU
		{977D12A0-D0A7-4882-A544-1C21171F37CA}.Release|Any CPU.Build.0 = Release|Any CPU
	EndGlobalSection
	GlobalSection(SolutionProperties) = preSolution
		HideSolutionNode = FALSE
	EndGlobalSection
	GlobalSection(ExtensibilityGlobals) = postSolution
		SolutionGuid = {FA7EF146-DA4D-489C-BC66-23334FCA516D}
	EndGlobalSection
EndGlobal
